# THIS IS AN AUTOGENERATED FILE. DO NOT EDIT THIS FILE DIRECTLY.
# yarn lockfile v1


"@base-sdk/core@0.1.0":
  version "0.1.0"
  resolved "https://registry.yarnpkg.com/@base-sdk/core/-/core-0.1.0.tgz#865eb7373b77d367dd57dc7660452a889d6bb139"
  integrity sha512-JDSgW8OXIj9bpkCZiSZZ4vlDaN+8bZplvCgpkS5yFKbvYlxAFRsAF6AKTxfLu0bGZIxnwt7ZIgDLoPyz4rPtjg==
  dependencies:
    "@reflect-ui/core" "0.0.2-rc.7"
    axios "^0.21.0"

"@base-sdk/hosting@^0.1.2":
  version "0.1.2"
  resolved "https://registry.yarnpkg.com/@base-sdk/hosting/-/hosting-0.1.2.tgz#24c627a309cc2d25e024b38eea00142f3a46585f"
  integrity sha512-PsXv5RGRd4kjLIcqT+b6h4r0ktEdFJ3YuANOGWSr7RdePmT1ZT2WrXzSAK/74N91AJOkaX1ci8j56ZPG0spuxg==
  dependencies:
    "@base-sdk/core" "0.1.0"
    form-data "^3.0.0"

"@design-sdk/asset-repository@^0.0.43":
  version "0.0.43"
  resolved "https://registry.yarnpkg.com/@design-sdk/asset-repository/-/asset-repository-0.0.43.tgz#7afc704da2b642474980a51be884215a2631780e"
  integrity sha512-m8cj+1rZbCo2aB3Br1B326XsNmkfV9/A8gDU++uFMlBv7iG3mZ6HYeRnWFhxAXPg8SJl4JzYFARsaWuE83vLxQ==
  dependencies:
    "@base-sdk/hosting" "^0.1.2"

"@design-sdk/core-flags-dashdash@^0.0.43":
  version "0.0.43"
  resolved "https://registry.yarnpkg.com/@design-sdk/core-flags-dashdash/-/core-flags-dashdash-0.0.43.tgz#5e501ae2aca86a8f4336d3fc47de07770d666531"
  integrity sha512-eCQc6jggl3NTmM5QphW0yhHldsFNlZXYzH3Vg2SO6Qlv6EN71pjZqBrRRbQJPzLOgk/ITICq7bSor+lR2rSQlg==

"@design-sdk/figma-core@^0.0.43":
  version "0.0.43"
  resolved "https://registry.yarnpkg.com/@design-sdk/figma-core/-/figma-core-0.0.43.tgz#0d19d014daf398ed39046bfd4e7f3d2b78842943"
  integrity sha512-7WQ29f4hUOxu4Mu8ZyqbBI5F4DsRJbIjGIcZAUmn7O9/SRR00upTYrl2hdlEnKdE0ImHTYqfISgxjkoYEQgZaQ==

"@design-sdk/figma-node-conversion@^0.0.43":
  version "0.0.43"
  resolved "https://registry.yarnpkg.com/@design-sdk/figma-node-conversion/-/figma-node-conversion-0.0.43.tgz#fc4ad3e40d5e035cd0e0c278b13b73b4f5d5a1a0"
  integrity sha512-RX1aC1yUKNpQ0m3am88fJ33jnm2CxzgyEgsclLN1ycF863zA265u0Radw25vDEpJjaxaBh0uLiMWo6vwjl9YeQ==
  dependencies:
    "@design-sdk/figma-node" "^0.0.43"
    "@design-sdk/figma-types" "^0.0.43"
    "@design-sdk/figma-utils" "^0.0.43"
    "@design-sdk/flags" "^0.0.43"
    "@reflect-ui/cg" "^0.0.5"
    "@reflect-ui/core" "^0.0.5"
    "@reflect-ui/font-utils" "^0.0.5"

"@design-sdk/figma-node@^0.0.43":
  version "0.0.43"
  resolved "https://registry.yarnpkg.com/@design-sdk/figma-node/-/figma-node-0.0.43.tgz#5d468ae73e2b07a787d4e6447cdde7efb4f2ea43"
  integrity sha512-Wo3jNL4S8NjqbwZZG4eXe2ut/HVM/vPGaEFoEa8MIJyTslwS+sobiU4TW2qDUYNVZW/L7fxYdHO+sBDQOx0TWw==
  dependencies:
    "@design-sdk/figma-core" "^0.0.43"
    "@design-sdk/figma-utils" "^0.0.43"
    "@reflect-ui/font-utils" "^0.0.1"

"@design-sdk/figma-remote-api@^0.0.43":
  version "0.0.43"
  resolved "https://registry.yarnpkg.com/@design-sdk/figma-remote-api/-/figma-remote-api-0.0.43.tgz#abae76d11669dea9e74dc175b72dcaded232beca"
  integrity sha512-P23tmxi749yFl/YQnpepi1PWramXiYDQW4dJ+vWKS7bOdTI/BKCsypdI2oK5nL046QS0M11DgMWDh9BddhuDXw==

"@design-sdk/figma-remote-types@^0.0.43":
  version "0.0.43"
  resolved "https://registry.yarnpkg.com/@design-sdk/figma-remote-types/-/figma-remote-types-0.0.43.tgz#14542e81c31fa438ddaebea098a9b238861100f0"
  integrity sha512-DexaBc4MSdfhlyFX8UlhpkPeIJpOI3TXDROKzxQUE9Ibvwm3Kuw/ITG87rzCs4EOOmPBb+gMB2hf8pDpmHZWJA==

"@design-sdk/figma-remote@^0.0.43":
  version "0.0.43"
  resolved "https://registry.yarnpkg.com/@design-sdk/figma-remote/-/figma-remote-0.0.43.tgz#9ff81b3ae185c8bf05ef7003bf6df42742a01dc7"
  integrity sha512-1kSr38k34XHBtLZksiqDDv3OK+jaB/+Lgy/N8QF87RklFlvj7F+lZuN9Nw0JbAJ/uRojED5YpG5gh9wpw6jdFQ==
  dependencies:
    "@design-sdk/asset-repository" "^0.0.43"
    "@design-sdk/figma-node" "^0.0.43"
    "@design-sdk/figma-node-conversion" "^0.0.43"
    "@design-sdk/figma-remote-api" "^0.0.43"
    "@design-sdk/figma-utils" "^0.0.43"

"@design-sdk/figma-types@^0.0.43":
  version "0.0.43"
  resolved "https://registry.yarnpkg.com/@design-sdk/figma-types/-/figma-types-0.0.43.tgz#4b5d80d9a88bbbd2c97f8a96305c4805bc9661d6"
  integrity sha512-v/NBwevEE6suNLtsx0FLxfgv/T1e9ivHxWXd+AEkq9KsgvWc/ods+D5T8rq79kAoRzZN4i1dSV3DYsviltY2rw==

"@design-sdk/figma-url@^0.0.43":
  version "0.0.43"
  resolved "https://registry.yarnpkg.com/@design-sdk/figma-url/-/figma-url-0.0.43.tgz#c87e63cfcf5103bc849b48857ac1ee58a603a21f"
  integrity sha512-9bH9GZ7jdLcd1RK0UKybNGoPQQ0Uvk5JI165r1Ur61hbnusHdsn3MhY/VcJUKeLeT4t7Zr7eEVKL2fyYTankdA==

"@design-sdk/figma-utils@^0.0.43":
  version "0.0.43"
  resolved "https://registry.yarnpkg.com/@design-sdk/figma-utils/-/figma-utils-0.0.43.tgz#c847e12a74b96b6f431ab9979e791e8980d2e8da"
  integrity sha512-A+Wu7nGFo1zfhXqVlQ5naAJmZYWh+9GlY0RQ3Cd9fU5Qn/TkKoFHucwOx7Yzw0GvUHNWWIxyLsox6Rkp2T87kQ==

"@design-sdk/figma@^0.0.43":
  version "0.0.43"
  resolved "https://registry.yarnpkg.com/@design-sdk/figma/-/figma-0.0.43.tgz#16be409659edff6857de4bdae4abf4abeb8dd901"
  integrity sha512-byV+JbHH/a7sshkhZuBJHlGZ+PRDr2ktpzTNMdI6rJUbARSHbwddZwHOFHx9Ny6v6sni7yM2NIjOuZeEHJxO8w==
  dependencies:
    "@design-sdk/asset-repository" "^0.0.43"
    "@design-sdk/figma-node" "^0.0.43"
    "@design-sdk/figma-node-conversion" "^0.0.43"
    "@design-sdk/figma-remote" "^0.0.43"
    "@design-sdk/figma-types" "^0.0.43"
    "@design-sdk/figma-url" "^0.0.43"
    "@reflect-ui/uiutils" "0.1.2-1"

"@design-sdk/flags@^0.0.43":
  version "0.0.43"
  resolved "https://registry.yarnpkg.com/@design-sdk/flags/-/flags-0.0.43.tgz#0333fe84d0753745ed71ceb9feaab95f77b5fadc"
  integrity sha512-/ZNzHvy6/2Xa98AbyV6HZ6OaAUzxYh2pyGpN90RbWPC2q6IGinwC5bLZ/vIUf9p8FMUS5kBUch/ZEiGEbgdNKg==
  dependencies:
    "@design-sdk/core-flags-dashdash" "^0.0.43"

"@next/env@13.1.6":
  version "13.1.6"
  resolved "https://registry.yarnpkg.com/@next/env/-/env-13.1.6.tgz#c4925609f16142ded1a5cb833359ab17359b7a93"
  integrity sha512-s+W9Fdqh5MFk6ECrbnVmmAOwxKQuhGMT7xXHrkYIBMBcTiOqNWhv5KbJIboKR5STXxNXl32hllnvKaffzFaWQg==

"@next/swc-android-arm-eabi@13.1.6":
  version "13.1.6"
  resolved "https://registry.yarnpkg.com/@next/swc-android-arm-eabi/-/swc-android-arm-eabi-13.1.6.tgz#d766dfc10e27814d947b20f052067c239913dbcc"
  integrity sha512-F3/6Z8LH/pGlPzR1AcjPFxx35mPqjE5xZcf+IL+KgbW9tMkp7CYi1y7qKrEWU7W4AumxX/8OINnDQWLiwLasLQ==

"@next/swc-android-arm64@13.1.6":
  version "13.1.6"
  resolved "https://registry.yarnpkg.com/@next/swc-android-arm64/-/swc-android-arm64-13.1.6.tgz#f37a98d5f18927d8c9970d750d516ac779465176"
  integrity sha512-cMwQjnB8vrYkWyK/H0Rf2c2pKIH4RGjpKUDvbjVAit6SbwPDpmaijLio0LWFV3/tOnY6kvzbL62lndVA0mkYpw==

"@next/swc-darwin-arm64@13.1.6":
  version "13.1.6"
  resolved "https://registry.yarnpkg.com/@next/swc-darwin-arm64/-/swc-darwin-arm64-13.1.6.tgz#ec1b90fd9bf809d8b81004c5182e254dced4ad96"
  integrity sha512-KKRQH4DDE4kONXCvFMNBZGDb499Hs+xcFAwvj+rfSUssIDrZOlyfJNy55rH5t2Qxed1e4K80KEJgsxKQN1/fyw==

"@next/swc-darwin-x64@13.1.6":
  version "13.1.6"
  resolved "https://registry.yarnpkg.com/@next/swc-darwin-x64/-/swc-darwin-x64-13.1.6.tgz#e869ac75d16995eee733a7d1550322d9051c1eb4"
  integrity sha512-/uOky5PaZDoaU99ohjtNcDTJ6ks/gZ5ykTQDvNZDjIoCxFe3+t06bxsTPY6tAO6uEAw5f6vVFX5H5KLwhrkZCA==

"@next/swc-freebsd-x64@13.1.6":
  version "13.1.6"
  resolved "https://registry.yarnpkg.com/@next/swc-freebsd-x64/-/swc-freebsd-x64-13.1.6.tgz#84a7b2e423a2904afc2edca21c2f1ba6b53fa4c1"
  integrity sha512-qaEALZeV7to6weSXk3Br80wtFQ7cFTpos/q+m9XVRFggu+8Ib895XhMWdJBzew6aaOcMvYR6KQ6JmHA2/eMzWw==

"@next/swc-linux-arm-gnueabihf@13.1.6":
  version "13.1.6"
  resolved "https://registry.yarnpkg.com/@next/swc-linux-arm-gnueabihf/-/swc-linux-arm-gnueabihf-13.1.6.tgz#980eed1f655ff8a72187d8a6ef9e73ac39d20d23"
  integrity sha512-OybkbC58A1wJ+JrJSOjGDvZzrVEQA4sprJejGqMwiZyLqhr9Eo8FXF0y6HL+m1CPCpPhXEHz/2xKoYsl16kNqw==

"@next/swc-linux-arm64-gnu@13.1.6":
  version "13.1.6"
  resolved "https://registry.yarnpkg.com/@next/swc-linux-arm64-gnu/-/swc-linux-arm64-gnu-13.1.6.tgz#87a71db21cded3f7c63d1d19079845c59813c53d"
  integrity sha512-yCH+yDr7/4FDuWv6+GiYrPI9kcTAO3y48UmaIbrKy8ZJpi7RehJe3vIBRUmLrLaNDH3rY1rwoHi471NvR5J5NQ==

"@next/swc-linux-arm64-musl@13.1.6":
  version "13.1.6"
  resolved "https://registry.yarnpkg.com/@next/swc-linux-arm64-musl/-/swc-linux-arm64-musl-13.1.6.tgz#c5aac8619331b9fd030603bbe2b36052011e11de"
  integrity sha512-ECagB8LGX25P9Mrmlc7Q/TQBb9rGScxHbv/kLqqIWs2fIXy6Y/EiBBiM72NTwuXUFCNrWR4sjUPSooVBJJ3ESQ==

"@next/swc-linux-x64-gnu@13.1.6":
  version "13.1.6"
  resolved "https://registry.yarnpkg.com/@next/swc-linux-x64-gnu/-/swc-linux-x64-gnu-13.1.6.tgz#9513d36d540bbfea575576746736054c31aacdea"
  integrity sha512-GT5w2mruk90V/I5g6ScuueE7fqj/d8Bui2qxdw6lFxmuTgMeol5rnzAv4uAoVQgClOUO/MULilzlODg9Ib3Y4Q==

"@next/swc-linux-x64-musl@13.1.6":
  version "13.1.6"
  resolved "https://registry.yarnpkg.com/@next/swc-linux-x64-musl/-/swc-linux-x64-musl-13.1.6.tgz#d61fc6884899f5957251f4ce3f522e34a2c479b7"
  integrity sha512-keFD6KvwOPzmat4TCnlnuxJCQepPN+8j3Nw876FtULxo8005Y9Ghcl7ACcR8GoiKoddAq8gxNBrpjoxjQRHeAQ==

"@next/swc-win32-arm64-msvc@13.1.6":
  version "13.1.6"
  resolved "https://registry.yarnpkg.com/@next/swc-win32-arm64-msvc/-/swc-win32-arm64-msvc-13.1.6.tgz#fac2077a8ae9768e31444c9ae90807e64117cda7"
  integrity sha512-OwertslIiGQluFvHyRDzBCIB07qJjqabAmINlXUYt7/sY7Q7QPE8xVi5beBxX/rxTGPIbtyIe3faBE6Z2KywhQ==

"@next/swc-win32-ia32-msvc@13.1.6":
  version "13.1.6"
  resolved "https://registry.yarnpkg.com/@next/swc-win32-ia32-msvc/-/swc-win32-ia32-msvc-13.1.6.tgz#498bc11c91b4c482a625bf4b978f98ae91111e46"
  integrity sha512-g8zowiuP8FxUR9zslPmlju7qYbs2XBtTLVSxVikPtUDQedhcls39uKYLvOOd1JZg0ehyhopobRoH1q+MHlIN/w==

"@next/swc-win32-x64-msvc@13.1.6":
  version "13.1.6"
  resolved "https://registry.yarnpkg.com/@next/swc-win32-x64-msvc/-/swc-win32-x64-msvc-13.1.6.tgz#17ed919c723426b7d0ce1cd73d40ce3dcd342089"
  integrity sha512-Ls2OL9hi3YlJKGNdKv8k3X/lLgc3VmLG3a/DeTkAd+lAituJp8ZHmRmm9f9SL84fT3CotlzcgbdaCDfFwFA6bA==

"@reflect-ui/cg@^0.0.5":
  version "0.0.5"
  resolved "https://registry.yarnpkg.com/@reflect-ui/cg/-/cg-0.0.5.tgz#772fc3161926527e21453101c4e13af5debec98d"
  integrity sha512-rqqaumLDgk9dGtPgkYy9h5PLlNv8ZVEz/+ktOcJpJE6v9fAQOSH1Wh5WAehpiZTQtKe944GzrFMsb/g8pTabWg==

"@reflect-ui/core@0.0.2-rc.7":
  version "0.0.2-rc.7"
  resolved "https://registry.yarnpkg.com/@reflect-ui/core/-/core-0.0.2-rc.7.tgz#9d531f5a0b9caab31e7563020044b753700e2bbc"
  integrity sha512-EqF4SRU57bfa5DOPET1rv5lROFyMVHLv1xTEIlN6N2gDpXt71QceImWfQp3z3Khqnb4R/p9OhNK6DXGUpozWKw==

"@reflect-ui/core@^0.0.5":
  version "0.0.5"
  resolved "https://registry.yarnpkg.com/@reflect-ui/core/-/core-0.0.5.tgz#f50ae00e64300c4b698ab5c5374c6ac3bb5de873"
  integrity sha512-lA6AYHCF8aSyOvGXbJZcmlB5ccxCaznhxvD8Hg1UjVdhcbLhMWDbzoYqbrkqh+R4im3KnYw5n6pWSSdoWioYhA==
  dependencies:
    "@reflect-ui/uiutils" "^0.1.2-1"

"@reflect-ui/font-utils@^0.0.1":
  version "0.0.1"
  resolved "https://registry.yarnpkg.com/@reflect-ui/font-utils/-/font-utils-0.0.1.tgz#fc22d21d90dc896dec96fcacaf8d584a30fb0642"
  integrity sha512-WglAO5z4E4upRx7kG3sn2uxG6jf0Ce3rc0WWZfYY9eyHrkm29dPc80JwHzxEAwbCjTr4iayF+ggNgbcGLAE2Tw==

"@reflect-ui/font-utils@^0.0.5":
  version "0.0.5"
  resolved "https://registry.yarnpkg.com/@reflect-ui/font-utils/-/font-utils-0.0.5.tgz#288bb2d41e0cb5d2f054b2104ff842d35f0bb223"
  integrity sha512-juO3SlP/J7xzpxz09kS0remIvcSIR0MrcnSflKV74WQBmR2XSeKVh6JjQrJ+5bmt+jTUlvpovKHyaWLX2luHPA==

"@reflect-ui/uiutils@0.1.2-1":
  version "0.1.2-1"
  resolved "https://registry.yarnpkg.com/@reflect-ui/uiutils/-/uiutils-0.1.2-1.tgz#b88d08223eb19ab5e6dd5ecf4a03075a41bb89c1"
  integrity sha512-fv3mITNqM6U7DEpOr5B6c9lmmkj22r3114aR8Tvp2izMIndLbFJBzLnYEVA07bHiglic1POWCePwYVhB+bAF1Q==

"@reflect-ui/uiutils@^0.1.2-1":
  version "0.1.2-2"
  resolved "https://registry.yarnpkg.com/@reflect-ui/uiutils/-/uiutils-0.1.2-2.tgz#56b80dd920be63d424cbb0478223e50acb95a50d"
  integrity sha512-PGmoG2zP34P8+JeXawY4kogmaGeP0kaWnHsOxxbl+p2v1TeD8ORR9VW9boNn0knldJb9+63W6v5lpB1N4icwnA==

"@swc/helpers@0.4.14":
  version "0.4.14"
  resolved "https://registry.yarnpkg.com/@swc/helpers/-/helpers-0.4.14.tgz#1352ac6d95e3617ccb7c1498ff019654f1e12a74"
  integrity sha512-4C7nX/dvpzB7za4Ql9K81xK3HPxCpHMgwTZVyf+9JQ6VUbn9jjZVN7/Nkdz/Ugzs2CSjqnL/UPXroiVBVHUWUw==
  dependencies:
    tslib "^2.4.0"

"@types/glob@^8.0.1":
  version "8.0.1"
  resolved "https://registry.yarnpkg.com/@types/glob/-/glob-8.0.1.tgz#6e3041640148b7764adf21ce5c7138ad454725b0"
  integrity sha512-8bVUjXZvJacUFkJXHdyZ9iH1Eaj5V7I8c4NdH5sQJsdXkqT4CA5Dhb4yb4VE/3asyx4L9ayZr1NIhTsWHczmMw==
  dependencies:
    "@types/minimatch" "^5.1.2"
    "@types/node" "*"

"@types/minimatch@^5.1.2":
  version "5.1.2"
  resolved "https://registry.yarnpkg.com/@types/minimatch/-/minimatch-5.1.2.tgz#07508b45797cb81ec3f273011b054cd0755eddca"
  integrity sha512-K0VQKziLUWkVKiRVrx4a40iPaxTUefQmjtkQofBkYRcoaaL/8rhwDWww9qWbrgicNOgnpIsMxyNIUM4+n6dUIA==

"@types/node@*", "@types/node@^18.6.1":
  version "18.13.0"
  resolved "https://registry.yarnpkg.com/@types/node/-/node-18.13.0.tgz#0400d1e6ce87e9d3032c19eb6c58205b0d3f7850"
  integrity sha512-gC3TazRzGoOnoKAhUx+Q0t8S9Tzs74z7m0ipwGpSqQrleP14hKxP4/JUeEQcD3W1/aIpnWl8pHowI7WokuZpXg==

"@types/prop-types@*":
  version "15.7.5"
  resolved "https://registry.yarnpkg.com/@types/prop-types/-/prop-types-15.7.5.tgz#5f19d2b85a98e9558036f6a3cacc8819420f05cf"
  integrity sha512-JCB8C6SnDoQf0cNycqd/35A7MjcnK+ZTqE7judS6o7utxUCg6imJg3QK2qzHKszlTjcj2cn+NwMB2i96ubpj7w==

"@types/react@^18.0.28":
  version "18.0.28"
  resolved "https://registry.yarnpkg.com/@types/react/-/react-18.0.28.tgz#accaeb8b86f4908057ad629a26635fe641480065"
  integrity sha512-RD0ivG1kEztNBdoAK7lekI9M+azSnitIn85h4iOiaLjaTrMjzslhaqCGaI4IyCJ1RljWiLCEu4jyrLLgqxBTew==
  dependencies:
    "@types/prop-types" "*"
    "@types/scheduler" "*"
    csstype "^3.0.2"

"@types/scheduler@*":
  version "0.16.2"
  resolved "https://registry.yarnpkg.com/@types/scheduler/-/scheduler-0.16.2.tgz#1a62f89525723dde24ba1b01b092bf5df8ad4d39"
  integrity sha512-hppQEBDmlwhFAXKJX2KnWLYu5yMfi91yazPb2l+lbJiwW+wdo1gNeRA+3RgNSO39WYX2euey41KEwnqesU2Jew==

asynckit@^0.4.0:
  version "0.4.0"
  resolved "https://registry.yarnpkg.com/asynckit/-/asynckit-0.4.0.tgz#c79ed97f7f34cb8f2ba1bc9790bcc366474b4b79"
  integrity sha512-Oei9OH4tRh0YqU3GxhX79dM/mwVgvbZJaSNaRk+bshkj0S5cfHcgYakreBjrHwatXKbz+IoIdYLxrKim2MjW0Q==

axios@^0.21.0:
  version "0.21.4"
  resolved "https://registry.yarnpkg.com/axios/-/axios-0.21.4.tgz#c67b90dc0568e5c1cf2b0b858c43ba28e2eda575"
  integrity sha512-ut5vewkiu8jjGBdqpM44XxjuCjq9LAKeHVmoVfHVzy8eHgxxq8SbAVQNovDA8mVi05kP0Ea/n/UzcSHcTJQfNg==
  dependencies:
    follow-redirects "^1.14.0"

axios@^1.3.3:
  version "1.3.3"
  resolved "https://registry.yarnpkg.com/axios/-/axios-1.3.3.tgz#e7011384ba839b885007c9c9fae1ff23dceb295b"
  integrity sha512-eYq77dYIFS77AQlhzEL937yUBSepBfPIe8FcgEDN35vMNZKMrs81pgnyrQpwfy4NF4b4XWX1Zgx7yX+25w8QJA==
  dependencies:
    follow-redirects "^1.15.0"
    form-data "^4.0.0"
    proxy-from-env "^1.1.0"

balanced-match@^1.0.0:
  version "1.0.2"
  resolved "https://registry.yarnpkg.com/balanced-match/-/balanced-match-1.0.2.tgz#e83e3a7e3f300b34cb9d87f615fa0cbf357690ee"
  integrity sha512-3oSeUO0TMV67hN1AmbXsK4yaqU7tjiHlbxRDZOpH0KW9+CeX4bRAaX0Anxt0tx2MrpRpWwQaPwIlISEJhYU5Pw==

brace-expansion@^2.0.1:
  version "2.0.1"
  resolved "https://registry.yarnpkg.com/brace-expansion/-/brace-expansion-2.0.1.tgz#1edc459e0f0c548486ecf9fc99f2221364b9a0ae"
  integrity sha512-XnAIvQ8eM+kC6aULx6wuQiwVsnzsi9d3WxzV3FpWTGA19F621kwdbsAcFKXgKUHZWsy+mY6iL1sHTxWEFCytDA==
  dependencies:
    balanced-match "^1.0.0"

caniuse-lite@^1.0.30001406:
  version "1.0.30001452"
  resolved "https://registry.yarnpkg.com/caniuse-lite/-/caniuse-lite-1.0.30001452.tgz#dff7b8bb834b3a91808f0a9ff0453abb1fbba02a"
  integrity sha512-Lkp0vFjMkBB3GTpLR8zk4NwW5EdRdnitwYJHDOOKIU85x4ckYCPQ+9WlVvSVClHxVReefkUMtWZH2l9KGlD51w==

client-only@0.0.1:
  version "0.0.1"
  resolved "https://registry.yarnpkg.com/client-only/-/client-only-0.0.1.tgz#38bba5d403c41ab150bff64a95c85013cf73bca1"
  integrity sha512-IV3Ou0jSMzZrd3pZ48nLkT9DA7Ag1pnPzaiQhpW7c3RbcqqzvzzVu+L8gfqMp/8IM2MQtSiqaCxrrcfu8I8rMA==

combined-stream@^1.0.8:
  version "1.0.8"
  resolved "https://registry.yarnpkg.com/combined-stream/-/combined-stream-1.0.8.tgz#c3d45a8b34fd730631a110a8a2520682b31d5a7f"
  integrity sha512-FQN4MRfuJeHf7cBbBMJFXhKSDq+2kAArBlmRBvcvFE5BB1HZKXtSFASDhdlz9zOYwxh8lDdnvmMOe/+5cdoEdg==
  dependencies:
    delayed-stream "~1.0.0"

csstype@^3.0.2:
  version "3.1.1"
  resolved "https://registry.yarnpkg.com/csstype/-/csstype-3.1.1.tgz#841b532c45c758ee546a11d5bd7b7b473c8c30b9"
  integrity sha512-DJR/VvkAvSZW9bTouZue2sSxDwdTN92uHjqeKVm+0dAqdfNykRzQ95tay8aXMBAAPpUiq4Qcug2L7neoRh2Egw==

delayed-stream@~1.0.0:
  version "1.0.0"
  resolved "https://registry.yarnpkg.com/delayed-stream/-/delayed-stream-1.0.0.tgz#df3ae199acadfb7d440aaae0b29e2272b24ec619"
  integrity sha512-ZySD7Nf91aLB0RxL4KGrKHBXl7Eds1DAmEdcoVawXnLD7SDhpNgtuII2aAkg7a7QS41jxPSZ17p4VdGnMHk3MQ==

follow-redirects@^1.14.0, follow-redirects@^1.15.0:
  version "1.15.2"
  resolved "https://registry.yarnpkg.com/follow-redirects/-/follow-redirects-1.15.2.tgz#b460864144ba63f2681096f274c4e57026da2c13"
  integrity sha512-VQLG33o04KaQ8uYi2tVNbdrWp1QWxNNea+nmIB4EVM28v0hmP17z7aG1+wAkNzVq4KeXTq3221ye5qTJP91JwA==

form-data@^3.0.0:
  version "3.0.1"
  resolved "https://registry.yarnpkg.com/form-data/-/form-data-3.0.1.tgz#ebd53791b78356a99af9a300d4282c4d5eb9755f"
  integrity sha512-RHkBKtLWUVwd7SqRIvCZMEvAMoGUp0XU+seQiZejj0COz3RI3hWP4sCv3gZWWLjJTd7rGwcsF5eKZGii0r/hbg==
  dependencies:
    asynckit "^0.4.0"
    combined-stream "^1.0.8"
    mime-types "^2.1.12"

form-data@^4.0.0:
  version "4.0.0"
  resolved "https://registry.yarnpkg.com/form-data/-/form-data-4.0.0.tgz#93919daeaf361ee529584b9b31664dc12c9fa452"
  integrity sha512-ETEklSGi5t0QMZuiXoA/Q6vcnxcLQP5vdugSpuAyi6SVGi2clPPp+xgEhuMaHC+zGgn31Kd235W35f7Hykkaww==
  dependencies:
    asynckit "^0.4.0"
    combined-stream "^1.0.8"
    mime-types "^2.1.12"

fs.realpath@^1.0.0:
  version "1.0.0"
  resolved "https://registry.yarnpkg.com/fs.realpath/-/fs.realpath-1.0.0.tgz#1504ad2523158caa40db4a2787cb01411994ea4f"
  integrity sha512-OO0pH2lK6a0hZnAdau5ItzHPI6pUlvI7jMVnxUQRtw4owF2wk8lOSabtGDCTP4Ggrg2MbGnWO9X8K1t4+fGMDw==

glob@^8.1.0:
  version "8.1.0"
  resolved "https://registry.yarnpkg.com/glob/-/glob-8.1.0.tgz#d388f656593ef708ee3e34640fdfb99a9fd1c33e"
  integrity sha512-r8hpEjiQEYlF2QU0df3dS+nxxSIreXQS1qRhMJM0Q5NDdR386C7jb7Hwwod8Fgiuex+k0GFjgft18yvxm5XoCQ==
  dependencies:
    fs.realpath "^1.0.0"
    inflight "^1.0.4"
    inherits "2"
    minimatch "^5.0.1"
    once "^1.3.0"

inflight@^1.0.4:
  version "1.0.6"
  resolved "https://registry.yarnpkg.com/inflight/-/inflight-1.0.6.tgz#49bd6331d7d02d0c09bc910a1075ba8165b56df9"
  integrity sha512-k92I/b08q4wvFscXCLvqfsHCrjrF7yiXsQuIVvVE7N82W3+aqpzuUdBbfhWcy/FZR3/4IgflMgKLOsvPDrGCJA==
  dependencies:
    once "^1.3.0"
    wrappy "1"

inherits@2:
  version "2.0.4"
  resolved "https://registry.yarnpkg.com/inherits/-/inherits-2.0.4.tgz#0fa2c64f932917c3433a0ded55363aae37416b7c"
  integrity sha512-k/vGaX4/Yla3WzyMCvTQOXYeIHvqOKtnqBduzTHpzpQZzAskKMhZ2K+EnBiSM9zGSoIFeMpXKxa4dYeZIQqewQ==

"js-tokens@^3.0.0 || ^4.0.0":
  version "4.0.0"
  resolved "https://registry.yarnpkg.com/js-tokens/-/js-tokens-4.0.0.tgz#19203fb59991df98e3a287050d4647cdeaf32499"
  integrity sha512-RdJUflcE3cUzKiMqQgsCu06FPu9UdIJO0beYbPhHN4k6apgJtifcoCtT9bcxOpYBtpD2kCM6Sbzg4CausW/PKQ==

loose-envify@^1.1.0:
  version "1.4.0"
  resolved "https://registry.yarnpkg.com/loose-envify/-/loose-envify-1.4.0.tgz#71ee51fa7be4caec1a63839f7e682d8132d30caf"
  integrity sha512-lyuxPGr/Wfhrlem2CL/UcnUc1zcqKAImBDzukY7Y5F/yQiNdko6+fRLevlw1HgMySw7f611UIY408EtxRSoK3Q==
  dependencies:
    js-tokens "^3.0.0 || ^4.0.0"

mime-db@1.52.0:
  version "1.52.0"
  resolved "https://registry.yarnpkg.com/mime-db/-/mime-db-1.52.0.tgz#bbabcdc02859f4987301c856e3387ce5ec43bf70"
  integrity sha512-sPU4uV7dYlvtWJxwwxHD0PuihVNiE7TyAbQ5SWxDCB9mUYvOgroQOwYQQOKPJ8CIbE+1ETVlOoK1UC2nU3gYvg==

mime-types@^2.1.12:
  version "2.1.35"
  resolved "https://registry.yarnpkg.com/mime-types/-/mime-types-2.1.35.tgz#381a871b62a734450660ae3deee44813f70d959a"
  integrity sha512-ZDY+bPm5zTTF+YpCrAU9nK0UgICYPT0QtT1NZWFv4s++TNkcgVaT0g6+4R2uI4MjQjzysHB1zxuWL50hzaeXiw==
  dependencies:
    mime-db "1.52.0"

minimatch@^5.0.1:
  version "5.1.6"
  resolved "https://registry.yarnpkg.com/minimatch/-/minimatch-5.1.6.tgz#1cfcb8cf5522ea69952cd2af95ae09477f122a96"
  integrity sha512-lKwV/1brpG6mBUFHtb7NUmtABCb2WZZmm2wNiOA5hAb8VdCS4B3dtMWyvcoViccwAW/COERjXLt0zP1zXUN26g==
  dependencies:
    brace-expansion "^2.0.1"

nanoid@^3.3.4:
  version "3.3.4"
  resolved "https://registry.yarnpkg.com/nanoid/-/nanoid-3.3.4.tgz#730b67e3cd09e2deacf03c027c81c9d9dbc5e8ab"
  integrity sha512-MqBkQh/OHTS2egovRtLk45wEyNXwF+cokD+1YPf9u5VfJiRdAiRwB2froX5Co9Rh20xs4siNPm8naNotSD6RBw==

next@^13.1.6:
  version "13.1.6"
  resolved "https://registry.yarnpkg.com/next/-/next-13.1.6.tgz#054babe20b601f21f682f197063c9b0b32f1a27c"
  integrity sha512-hHlbhKPj9pW+Cymvfzc15lvhaOZ54l+8sXDXJWm3OBNBzgrVj6hwGPmqqsXg40xO1Leq+kXpllzRPuncpC0Phw==
  dependencies:
    "@next/env" "13.1.6"
    "@swc/helpers" "0.4.14"
    caniuse-lite "^1.0.30001406"
    postcss "8.4.14"
    styled-jsx "5.1.1"
  optionalDependencies:
    "@next/swc-android-arm-eabi" "13.1.6"
    "@next/swc-android-arm64" "13.1.6"
    "@next/swc-darwin-arm64" "13.1.6"
    "@next/swc-darwin-x64" "13.1.6"
    "@next/swc-freebsd-x64" "13.1.6"
    "@next/swc-linux-arm-gnueabihf" "13.1.6"
    "@next/swc-linux-arm64-gnu" "13.1.6"
    "@next/swc-linux-arm64-musl" "13.1.6"
    "@next/swc-linux-x64-gnu" "13.1.6"
    "@next/swc-linux-x64-musl" "13.1.6"
    "@next/swc-win32-arm64-msvc" "13.1.6"
    "@next/swc-win32-ia32-msvc" "13.1.6"
    "@next/swc-win32-x64-msvc" "13.1.6"

once@^1.3.0:
  version "1.4.0"
  resolved "https://registry.yarnpkg.com/once/-/once-1.4.0.tgz#583b1aa775961d4b113ac17d9c50baef9dd76bd1"
  integrity sha512-lNaJgI+2Q5URQBkccEKHTQOPaXdUxnZZElQTZY0MFUAuaEqe1E+Nyvgdz/aIyNi6Z9MzO5dv1H8n58/GELp3+w==
  dependencies:
    wrappy "1"

picocolors@^1.0.0:
  version "1.0.0"
  resolved "https://registry.yarnpkg.com/picocolors/-/picocolors-1.0.0.tgz#cb5bdc74ff3f51892236eaf79d68bc44564ab81c"
  integrity sha512-1fygroTLlHu66zi26VoTDv8yRgm0Fccecssto+MhsZ0D/DGW2sm8E8AjW7NU5VVTRt5GxbeZ5qBuJr+HyLYkjQ==

postcss@8.4.14:
  version "8.4.14"
  resolved "https://registry.yarnpkg.com/postcss/-/postcss-8.4.14.tgz#ee9274d5622b4858c1007a74d76e42e56fd21caf"
  integrity sha512-E398TUmfAYFPBSdzgeieK2Y1+1cpdxJx8yXbK/m57nRhKSmk1GB2tO4lbLBtlkfPQTDKfe4Xqv1ASWPpayPEig==
  dependencies:
    nanoid "^3.3.4"
    picocolors "^1.0.0"
    source-map-js "^1.0.2"

proxy-from-env@^1.1.0:
  version "1.1.0"
  resolved "https://registry.yarnpkg.com/proxy-from-env/-/proxy-from-env-1.1.0.tgz#e102f16ca355424865755d2c9e8ea4f24d58c3e2"
  integrity sha512-D+zkORCbA9f1tdWRK0RaCR3GPv50cMxcrz4X8k5LTSUD1Dkw47mKJEZQNunItRTkWwgtaUSo1RVFRIG9ZXiFYg==

react-dom@^18.2.0:
  version "18.2.0"
  resolved "https://registry.yarnpkg.com/react-dom/-/react-dom-18.2.0.tgz#22aaf38708db2674ed9ada224ca4aa708d821e3d"
  integrity sha512-6IMTriUmvsjHUjNtEDudZfuDQUoWXVxKHhlEGSk81n4YFS+r/Kl99wXiwlVXtPBtJenozv2P+hxDsw9eA7Xo6g==
  dependencies:
    loose-envify "^1.1.0"
    scheduler "^0.23.0"

react@^18.2.0:
  version "18.2.0"
  resolved "https://registry.yarnpkg.com/react/-/react-18.2.0.tgz#555bd98592883255fa00de14f1151a917b5d77d5"
  integrity sha512-/3IjMdb2L9QbBdWiW5e3P2/npwMBaU9mHCSCUzNln0ZCYbcfTsGbTJrU/kGemdH2IWmB2ioZ+zkxtmq6g09fGQ==
  dependencies:
    loose-envify "^1.1.0"

scheduler@^0.23.0:
  version "0.23.0"
  resolved "https://registry.yarnpkg.com/scheduler/-/scheduler-0.23.0.tgz#ba8041afc3d30eb206a487b6b384002e4e61fdfe"
  integrity sha512-CtuThmgHNg7zIZWAXi3AsyIzA3n4xx7aNyjwC2VJldO2LMVDhFK+63xGqq6CsJH4rTAt6/M+N4GhZiDYPx9eUw==
  dependencies:
    loose-envify "^1.1.0"

source-map-js@^1.0.2:
  version "1.0.2"
  resolved "https://registry.yarnpkg.com/source-map-js/-/source-map-js-1.0.2.tgz#adbc361d9c62df380125e7f161f71c826f1e490c"
  integrity sha512-R0XvVJ9WusLiqTCEiGCmICCMplcCkIwwR11mOSD9CR5u+IXYdiseeEuXCVAjS54zqwkLcPNnmU4OeJ6tUrWhDw==

styled-jsx@5.1.1:
  version "5.1.1"
  resolved "https://registry.yarnpkg.com/styled-jsx/-/styled-jsx-5.1.1.tgz#839a1c3aaacc4e735fed0781b8619ea5d0009d1f"
  integrity sha512-pW7uC1l4mBZ8ugbiZrcIsiIvVx1UmTfw7UkC3Um2tmfUq9Bhk8IiyEIPl6F8agHgjzku6j0xQEZbfA5uSgSaCw==
  dependencies:
    client-only "0.0.1"

tslib@^2.4.0:
  version "2.5.0"
  resolved "https://registry.yarnpkg.com/tslib/-/tslib-2.5.0.tgz#42bfed86f5787aeb41d031866c8f402429e0fddf"
  integrity sha512-336iVw3rtn2BUK7ORdIAHTyxHGRIHVReokCR3XjbckJMK7ms8FysBfhLR8IXnAgy7T0PTPNBWKiH514FOW/WSg==

typescript@^4.9.5:
  version "4.9.5"
  resolved "https://registry.yarnpkg.com/typescript/-/typescript-4.9.5.tgz#095979f9bcc0d09da324d58d03ce8f8374cbe65a"
  integrity sha512-1FXk9E2Hm+QzZQ7z+McJiHL4NW1F2EzMu9Nq9i3zAaGqibafqYwCVU6WyWAuyQRRzOlxou8xZSyXLEN8oKj24g==

wrappy@1:
  version "1.0.2"
  resolved "https://registry.yarnpkg.com/wrappy/-/wrappy-1.0.2.tgz#b5243d8f3ec1aa35f1364605bc0d1036e30ab69f"
  integrity sha512-l4Sp/DRseor9wL6EvV2+TuQn63dMkPjZ/sp9XkghTEbV9KlPS1xUsZ3u7/IQO4wxtcFB4bgpQPRcR3QCvezPcQ==
